version = 1
revision = 3
requires-python = ">=3.12"

[[package]]
name = "anyio"
version = "4.9.0"
source = { registry = "https://pypi.org/simple" }
dependencies = [
    { name = "idna" },
    { name = "sniffio" },
    { name = "typing-extensions", marker = "python_full_version < '3.13'" },
]
sdist = { url = "https://files.pythonhosted.org/packages/95/7d/4c1bd541d4dffa1b52bd83fb8527089e097a106fc90b467a7313b105f840/anyio-4.9.0.tar.gz", hash = "sha256:673c0c244e15788651a4ff38710fea9675823028a6f08a5eda409e0c9840a028", size = 190949, upload-time = "2025-03-17T00:02:54.77Z" }
wheels = [
    { url = "https://files.pythonhosted.org/packages/a1/ee/48ca1a7c89ffec8b6a0c5d02b89c305671d5ffd8d3c94acf8b8c408575bb/anyio-4.9.0-py3-none-any.whl", hash = "sha256:9f76d541cad6e36af7beb62e978876f3b41e3e04f2c1fbf0884604c0a9c4d93c", size = 100916, upload-time = "2025-03-17T00:02:52.713Z" },
]

[[package]]
name = "certifi"
version = "2025.1.31"
source = { registry = "https://pypi.org/simple" }
sdist = { url = "https://files.pythonhosted.org/packages/1c/ab/c9f1e32b7b1bf505bf26f0ef697775960db7932abeb7b516de930ba2705f/certifi-2025.1.31.tar.gz", hash = "sha256:3d5da6925056f6f18f119200434a4780a94263f10d1c21d032a6f6b2baa20651", size = 167577, upload-time = "2025-01-31T02:16:47.166Z" }
wheels = [
    { url = "https://files.pythonhosted.org/packages/38/fc/bce832fd4fd99766c04d1ee0eead6b0ec6486fb100ae5e74c1d91292b982/certifi-2025.1.31-py3-none-any.whl", hash = "sha256:ca78db4565a652026a4db2bcdf68f2fb589ea80d0be70e03929ed730746b84fe", size = 166393, upload-time = "2025-01-31T02:16:45.015Z" },
]

[[package]]
name = "et-xmlfile"
version = "2.0.0"
source = { registry = "https://pypi.org/simple" }
sdist = { url = "https://files.pythonhosted.org/packages/d3/38/af70d7ab1ae9d4da450eeec1fa3918940a5fafb9055e934af8d6eb0c2313/et_xmlfile-2.0.0.tar.gz", hash = "sha256:dab3f4764309081ce75662649be815c4c9081e88f0837825f90fd28317d4da54", size = 17234, upload-time = "2024-10-25T17:25:40.039Z" }
wheels = [
    { url = "https://files.pythonhosted.org/packages/c1/8b/5fe2cc11fee489817272089c4203e679c63b570a5aaeb18d852ae3cbba6a/et_xmlfile-2.0.0-py3-none-any.whl", hash = "sha256:7a91720bc756843502c3b7504c77b8fe44217c85c537d85037f0f536151b2caa", size = 18059, upload-time = "2024-10-25T17:25:39.051Z" },
]

[[package]]
name = "h11"
version = "0.14.0"
source = { registry = "https://pypi.org/simple" }
sdist = { url = "https://files.pythonhosted.org/packages/f5/38/3af3d3633a34a3316095b39c8e8fb4853a28a536e55d347bd8d8e9a14b03/h11-0.14.0.tar.gz", hash = "sha256:8f19fbbe99e72420ff35c00b27a34cb9937e902a8b810e2c88300c6f0a3b699d", size = 100418, upload-time = "2022-09-25T15:40:01.519Z" }
wheels = [
    { url = "https://files.pythonhosted.org/packages/95/04/ff642e65ad6b90db43e668d70ffb6736436c7ce41fcc549f4e9472234127/h11-0.14.0-py3-none-any.whl", hash = "sha256:e3fe4ac4b851c468cc8363d500db52c2ead036020723024a109d37346efaa761", size = 58259, upload-time = "2022-09-25T15:39:59.68Z" },
]

[[package]]
name = "httpcore"
version = "1.0.7"
source = { registry = "https://pypi.org/simple" }
dependencies = [
    { name = "certifi" },
    { name = "h11" },
]
sdist = { url = "https://files.pythonhosted.org/packages/6a/41/d7d0a89eb493922c37d343b607bc1b5da7f5be7e383740b4753ad8943e90/httpcore-1.0.7.tar.gz", hash = "sha256:8551cb62a169ec7162ac7be8d4817d561f60e08eaa485234898414bb5a8a0b4c", size = 85196, upload-time = "2024-11-15T12:30:47.531Z" }
wheels = [
    { url = "https://files.pythonhosted.org/packages/87/f5/72347bc88306acb359581ac4d52f23c0ef445b57157adedb9aee0cd689d2/httpcore-1.0.7-py3-none-any.whl", hash = "sha256:a3fff8f43dc260d5bd363d9f9cf1830fa3a458b332856f34282de498ed420edd", size = 78551, upload-time = "2024-11-15T12:30:45.782Z" },
]

[[package]]
name = "httpx"
version = "0.28.1"
source = { registry = "https://pypi.org/simple" }
dependencies = [
    { name = "anyio" },
    { name = "certifi" },
    { name = "httpcore" },
    { name = "idna" },
]
sdist = { url = "https://files.pythonhosted.org/packages/b1/df/48c586a5fe32a0f01324ee087459e112ebb7224f646c0b5023f5e79e9956/httpx-0.28.1.tar.gz", hash = "sha256:75e98c5f16b0f35b567856f597f06ff2270a374470a5c2392242528e3e3e42fc", size = 141406, upload-time = "2024-12-06T15:37:23.222Z" }
wheels = [
    { url = "https://files.pythonhosted.org/packages/2a/39/e50c7c3a983047577ee07d2a9e53faf5a69493943ec3f6a384bdc792deb2/httpx-0.28.1-py3-none-any.whl", hash = "sha256:d909fcccc110f8c7faf814ca82a9a4d816bc5a6dbfea25d6591d6985b8ba59ad", size = 73517, upload-time = "2024-12-06T15:37:21.509Z" },
]

[[package]]
name = "idna"
version = "3.10"
source = { registry = "https://pypi.org/simple" }
sdist = { url = "https://files.pythonhosted.org/packages/f1/70/7703c29685631f5a7590aa73f1f1d3fa9a380e654b86af429e0934a32f7d/idna-3.10.tar.gz", hash = "sha256:12f65c9b470abda6dc35cf8e63cc574b1c52b11df2c86030af0ac09b01b13ea9", size = 190490, upload-time = "2024-09-15T18:07:39.745Z" }
wheels = [
    { url = "https://files.pythonhosted.org/packages/76/c6/c88e154df9c4e1a2a66ccf0005a88dfb2650c1dffb6f5ce603dfbd452ce3/idna-3.10-py3-none-any.whl", hash = "sha256:946d195a0d259cbba61165e88e65941f16e9b36ea6ddb97f00452bae8b1287d3", size = 70442, upload-time = "2024-09-15T18:07:37.964Z" },
]

[[package]]
name = "kkt-checker"
version = "0.1.0"
source = { virtual = "." }
dependencies = [
    { name = "httpx" },
    { name = "openpyxl" },
    { name = "ruff" },
]

[package.metadata]
requires-dist = [
    { name = "httpx", specifier = ">=0.28.1" },
    { name = "openpyxl", specifier = ">=3.1.5" },
    { name = "ruff", specifier = ">=0.12.1" },
]

[[package]]
name = "openpyxl"
version = "3.1.5"
source = { registry = "https://pypi.org/simple" }
dependencies = [
    { name = "et-xmlfile" },
]
sdist = { url = "https://files.pythonhosted.org/packages/3d/f9/88d94a75de065ea32619465d2f77b29a0469500e99012523b91cc4141cd1/openpyxl-3.1.5.tar.gz", hash = "sha256:cf0e3cf56142039133628b5acffe8ef0c12bc902d2aadd3e0fe5878dc08d1050", size = 186464, upload-time = "2024-06-28T14:03:44.161Z" }
wheels = [
    { url = "https://files.pythonhosted.org/packages/c0/da/977ded879c29cbd04de313843e76868e6e13408a94ed6b987245dc7c8506/openpyxl-3.1.5-py2.py3-none-any.whl", hash = "sha256:5282c12b107bffeef825f4617dc029afaf41d0ea60823bbb665ef3079dc79de2", size = 250910, upload-time = "2024-06-28T14:03:41.161Z" },
]

[[package]]
name = "ruff"
version = "0.12.10"
source = { registry = "https://pypi.org/simple" }
sdist = { url = "https://files.pythonhosted.org/packages/3b/eb/8c073deb376e46ae767f4961390d17545e8535921d2f65101720ed8bd434/ruff-0.12.10.tar.gz", hash = "sha256:189ab65149d11ea69a2d775343adf5f49bb2426fc4780f65ee33b423ad2e47f9", size = 5310076, upload-time = "2025-08-21T18:23:22.595Z" }
wheels = [
    { url = "https://files.pythonhosted.org/packages/24/e7/560d049d15585d6c201f9eeacd2fd130def3741323e5ccf123786e0e3c95/ruff-0.12.10-py3-none-linux_armv6l.whl", hash = "sha256:8b593cb0fb55cc8692dac7b06deb29afda78c721c7ccfed22db941201b7b8f7b", size = 11935161, upload-time = "2025-08-21T18:22:26.965Z" },
    { url = "https://files.pythonhosted.org/packages/d1/b0/ad2464922a1113c365d12b8f80ed70fcfb39764288ac77c995156080488d/ruff-0.12.10-py3-none-macosx_10_12_x86_64.whl", hash = "sha256:ebb7333a45d56efc7c110a46a69a1b32365d5c5161e7244aaf3aa20ce62399c1", size = 12660884, upload-time = "2025-08-21T18:22:30.925Z" },
    { url = "https://files.pythonhosted.org/packages/d7/f1/97f509b4108d7bae16c48389f54f005b62ce86712120fd8b2d8e88a7cb49/ruff-0.12.10-py3-none-macosx_11_0_arm64.whl", hash = "sha256:d59e58586829f8e4a9920788f6efba97a13d1fa320b047814e8afede381c6839", size = 11872754, upload-time = "2025-08-21T18:22:34.035Z" },
    { url = "https://files.pythonhosted.org/packages/12/ad/44f606d243f744a75adc432275217296095101f83f966842063d78eee2d3/ruff-0.12.10-py3-none-manylinux_2_17_aarch64.manylinux2014_aarch64.whl", hash = "sha256:822d9677b560f1fdeab69b89d1f444bf5459da4aa04e06e766cf0121771ab844", size = 12092276, upload-time = "2025-08-21T18:22:36.764Z" },
    { url = "https://files.pythonhosted.org/packages/06/1f/ed6c265e199568010197909b25c896d66e4ef2c5e1c3808caf461f6f3579/ruff-0.12.10-py3-none-manylinux_2_17_armv7l.manylinux2014_armv7l.whl", hash = "sha256:37b4a64f4062a50c75019c61c7017ff598cb444984b638511f48539d3a1c98db", size = 11734700, upload-time = "2025-08-21T18:22:39.822Z" },
    { url = "https://files.pythonhosted.org/packages/63/c5/b21cde720f54a1d1db71538c0bc9b73dee4b563a7dd7d2e404914904d7f5/ruff-0.12.10-py3-none-manylinux_2_17_i686.manylinux2014_i686.whl", hash = "sha256:2c6f4064c69d2542029b2a61d39920c85240c39837599d7f2e32e80d36401d6e", size = 13468783, upload-time = "2025-08-21T18:22:42.559Z" },
    { url = "https://files.pythonhosted.org/packages/02/9e/39369e6ac7f2a1848f22fb0b00b690492f20811a1ac5c1fd1d2798329263/ruff-0.12.10-py3-none-manylinux_2_17_ppc64.manylinux2014_ppc64.whl", hash = "sha256:059e863ea3a9ade41407ad71c1de2badfbe01539117f38f763ba42a1206f7559", size = 14436642, upload-time = "2025-08-21T18:22:45.612Z" },
    { url = "https://files.pythonhosted.org/packages/e3/03/5da8cad4b0d5242a936eb203b58318016db44f5c5d351b07e3f5e211bb89/ruff-0.12.10-py3-none-manylinux_2_17_ppc64le.manylinux2014_ppc64le.whl", hash = "sha256:1bef6161e297c68908b7218fa6e0e93e99a286e5ed9653d4be71e687dff101cf", size = 13859107, upload-time = "2025-08-21T18:22:48.886Z" },
    { url = "https://files.pythonhosted.org/packages/19/19/dd7273b69bf7f93a070c9cec9494a94048325ad18fdcf50114f07e6bf417/ruff-0.12.10-py3-none-manylinux_2_17_s390x.manylinux2014_s390x.whl", hash = "sha256:4f1345fbf8fb0531cd722285b5f15af49b2932742fc96b633e883da8d841896b", size = 12886521, upload-time = "2025-08-21T18:22:51.567Z" },
    { url = "https://files.pythonhosted.org/packages/c0/1d/b4207ec35e7babaee62c462769e77457e26eb853fbdc877af29417033333/ruff-0.12.10-py3-none-manylinux_2_17_x86_64.manylinux2014_x86_64.whl", hash = "sha256:1f68433c4fbc63efbfa3ba5db31727db229fa4e61000f452c540474b03de52a9", size = 13097528, upload-time = "2025-08-21T18:22:54.609Z" },
    { url = "https://files.pythonhosted.org/packages/ff/00/58f7b873b21114456e880b75176af3490d7a2836033779ca42f50de3b47a/ruff-0.12.10-py3-none-manylinux_2_31_riscv64.whl", hash = "sha256:141ce3d88803c625257b8a6debf4a0473eb6eed9643a6189b68838b43e78165a", size = 13080443, upload-time = "2025-08-21T18:22:57.413Z" },
    { url = "https://files.pythonhosted.org/packages/12/8c/9e6660007fb10189ccb78a02b41691288038e51e4788bf49b0a60f740604/ruff-0.12.10-py3-none-musllinux_1_2_aarch64.whl", hash = "sha256:f3fc21178cd44c98142ae7590f42ddcb587b8e09a3b849cbc84edb62ee95de60", size = 11896759, upload-time = "2025-08-21T18:23:00.473Z" },
    { url = "https://files.pythonhosted.org/packages/67/4c/6d092bb99ea9ea6ebda817a0e7ad886f42a58b4501a7e27cd97371d0ba54/ruff-0.12.10-py3-none-musllinux_1_2_armv7l.whl", hash = "sha256:7d1a4e0bdfafcd2e3e235ecf50bf0176f74dd37902f241588ae1f6c827a36c56", size = 11701463, upload-time = "2025-08-21T18:23:03.211Z" },
    { url = "https://files.pythonhosted.org/packages/59/80/d982c55e91df981f3ab62559371380616c57ffd0172d96850280c2b04fa8/ruff-0.12.10-py3-none-musllinux_1_2_i686.whl", hash = "sha256:e67d96827854f50b9e3e8327b031647e7bcc090dbe7bb11101a81a3a2cbf1cc9", size = 12691603, upload-time = "2025-08-21T18:23:06.935Z" },
    { url = "https://files.pythonhosted.org/packages/ad/37/63a9c788bbe0b0850611669ec6b8589838faf2f4f959647f2d3e320383ae/ruff-0.12.10-py3-none-musllinux_1_2_x86_64.whl", hash = "sha256:ae479e1a18b439c59138f066ae79cc0f3ee250712a873d00dbafadaad9481e5b", size = 13164356, upload-time = "2025-08-21T18:23:10.225Z" },
    { url = "https://files.pythonhosted.org/packages/47/d4/1aaa7fb201a74181989970ebccd12f88c0fc074777027e2a21de5a90657e/ruff-0.12.10-py3-none-win32.whl", hash = "sha256:9de785e95dc2f09846c5e6e1d3a3d32ecd0b283a979898ad427a9be7be22b266", size = 11896089, upload-time = "2025-08-21T18:23:14.232Z" },
    { url = "https://files.pythonhosted.org/packages/ad/14/2ad38fd4037daab9e023456a4a40ed0154e9971f8d6aed41bdea390aabd9/ruff-0.12.10-py3-none-win_amd64.whl", hash = "sha256:7837eca8787f076f67aba2ca559cefd9c5cbc3a9852fd66186f4201b87c1563e", size = 13004616, upload-time = "2025-08-21T18:23:17.422Z" },
    { url = "https://files.pythonhosted.org/packages/24/3c/21cf283d67af33a8e6ed242396863af195a8a6134ec581524fd22b9811b6/ruff-0.12.10-py3-none-win_arm64.whl", hash = "sha256:cc138cc06ed9d4bfa9d667a65af7172b47840e1a98b02ce7011c391e54635ffc", size = 12074225, upload-time = "2025-08-21T18:23:20.137Z" },
]

[[package]]
name = "sniffio"
version = "1.3.1"
source = { registry = "https://pypi.org/simple" }
sdist = { url = "https://files.pythonhosted.org/packages/a2/87/a6771e1546d97e7e041b6ae58d80074f81b7d5121207425c964ddf5cfdbd/sniffio-1.3.1.tar.gz", hash = "sha256:f4324edc670a0f49750a81b895f35c3adb843cca46f0530f79fc1babb23789dc", size = 20372, upload-time = "2024-02-25T23:20:04.057Z" }
wheels = [
    { url = "https://files.pythonhosted.org/packages/e9/44/75a9c9421471a6c4805dbf2356f7c181a29c1879239abab1ea2cc8f38b40/sniffio-1.3.1-py3-none-any.whl", hash = "sha256:2f6da418d1f1e0fddd844478f41680e794e6051915791a034ff65e5f100525a2", size = 10235, upload-time = "2024-02-25T23:20:01.196Z" },
]

[[package]]
name = "typing-extensions"
version = "4.12.2"
source = { registry = "https://pypi.org/simple" }
sdist = { url = "https://files.pythonhosted.org/packages/df/db/f35a00659bc03fec321ba8bce9420de607a1d37f8342eee1863174c69557/typing_extensions-4.12.2.tar.gz", hash = "sha256:1a7ead55c7e559dd4dee8856e3a88b41225abfe1ce8df57b7c13915fe121ffb8", size = 85321, upload-time = "2024-06-07T18:52:15.995Z" }
wheels = [
    { url = "https://files.pythonhosted.org/packages/26/9f/ad63fc0248c5379346306f8668cda6e2e2e9c95e01216d2b8ffd9ff037d0/typing_extensions-4.12.2-py3-none-any.whl", hash = "sha256:04e5ca0351e0f3f85c6853954072df659d0d13fac324d0072316b67d7794700d", size = 37438, upload-time = "2024-06-07T18:52:13.582Z" },
]
